{
  "name": "movie-clip",
  "version": "0.1.0",
  "lockfileVersion": 1,
  "requires": true,
  "dependencies": {
    "blacklist": {
      "version": "1.1.4",
      "resolved": "https://registry.npmjs.org/blacklist/-/blacklist-1.1.4.tgz",
      "integrity": "sha1-st0J1hd2JbLKppg1o3somV+povI="
    },
    "classnames": {
      "version": "2.2.5",
      "resolved": "https://registry.npmjs.org/classnames/-/classnames-2.2.5.tgz",
      "integrity": "sha1-+zgB1FNGdknvNgPH1hoCvRKb3m0="
    },
    "elemental": {
      "version": "0.6.1",
      "resolved": "https://registry.npmjs.org/elemental/-/elemental-0.6.1.tgz",
      "integrity": "sha1-KRxv5WDDa20ehTj6GdVuyUFRUkc=",
      "requires": {
        "blacklist": "1.1.4",
        "classnames": "2.2.5"
      }
    }
  }
}
